// !$*UTF8*$!
{
	archiveVersion = 1;
	classes = {
	};
	objectVersion = 46;
	objects = {

/* Begin PBXBuildFile section */
		C0DCC2081983037D00F690D9 /* Cocoa.framework in Frameworks */ = {isa = PBXBuildFile; fileRef = C0DCC2071983037D00F690D9 /* Cocoa.framework */; };
		C0DCC2121983037D00F690D9 /* InfoPlist.strings in Resources */ = {isa = PBXBuildFile; fileRef = C0DCC2101983037D00F690D9 /* InfoPlist.strings */; };
		C0DCC2141983037D00F690D9 /* main.m in Sources */ = {isa = PBXBuildFile; fileRef = C0DCC2131983037D00F690D9 /* main.m */; };
		C0DCC2181983037D00F690D9 /* Credits.rtf in Resources */ = {isa = PBXBuildFile; fileRef = C0DCC2161983037D00F690D9 /* Credits.rtf */; };
		C0DCC21B1983037D00F690D9 /* AppDelegate.m in Sources */ = {isa = PBXBuildFile; fileRef = C0DCC21A1983037D00F690D9 /* AppDelegate.m */; };
		C0DCC2201983037D00F690D9 /* Images.xcassets in Resources */ = {isa = PBXBuildFile; fileRef = C0DCC21F1983037D00F690D9 /* Images.xcassets */; };
		C0DCC2271983037D00F690D9 /* XCTest.framework in Frameworks */ = {isa = PBXBuildFile; fileRef = C0DCC2261983037D00F690D9 /* XCTest.framework */; };
		C0DCC2281983037D00F690D9 /* Cocoa.framework in Frameworks */ = {isa = PBXBuildFile; fileRef = C0DCC2071983037D00F690D9 /* Cocoa.framework */; };
		C0DCC2301983037D00F690D9 /* InfoPlist.strings in Resources */ = {isa = PBXBuildFile; fileRef = C0DCC22E1983037D00F690D9 /* InfoPlist.strings */; };
		C0DCC23D1983055900F690D9 /* AlbumOrAllPostsViewModel.m in Sources */ = {isa = PBXBuildFile; fileRef = C0DCC23C1983055900F690D9 /* AlbumOrAllPostsViewModel.m */; };
		C0DCC23F1983056300F690D9 /* AlbumOrAllPostsViewModelTests.m in Sources */ = {isa = PBXBuildFile; fileRef = C0DCC23E1983056300F690D9 /* AlbumOrAllPostsViewModelTests.m */; };
		C0DCC242198305A100F690D9 /* DateUtils.m in Sources */ = {isa = PBXBuildFile; fileRef = C0DCC241198305A100F690D9 /* DateUtils.m */; };
		C0DCC245198306D400F690D9 /* StringUtils.m in Sources */ = {isa = PBXBuildFile; fileRef = C0DCC244198306D400F690D9 /* StringUtils.m */; };
/* End PBXBuildFile section */

/* Begin PBXContainerItemProxy section */
		C0DCC2291983037D00F690D9 /* PBXContainerItemProxy */ = {
			isa = PBXContainerItemProxy;
			containerPortal = C0DCC1FC1983037D00F690D9 /* Project object */;
			proxyType = 1;
			remoteGlobalIDString = C0DCC2031983037D00F690D9;
			remoteInfo = FastTests;
		};
/* End PBXContainerItemProxy section */

/* Begin PBXFileReference section */
		C0DCC2041983037D00F690D9 /* FastTests.app */ = {isa = PBXFileReference; explicitFileType = wrapper.application; includeInIndex = 0; path = FastTests.app; sourceTree = BUILT_PRODUCTS_DIR; };
		C0DCC2071983037D00F690D9 /* Cocoa.framework */ = {isa = PBXFileReference; lastKnownFileType = wrapper.framework; name = Cocoa.framework; path = System/Library/Frameworks/Cocoa.framework; sourceTree = SDKROOT; };
		C0DCC20A1983037D00F690D9 /* AppKit.framework */ = {isa = PBXFileReference; lastKnownFileType = wrapper.framework; name = AppKit.framework; path = System/Library/Frameworks/AppKit.framework; sourceTree = SDKROOT; };
		C0DCC20B1983037D00F690D9 /* CoreData.framework */ = {isa = PBXFileReference; lastKnownFileType = wrapper.framework; name = CoreData.framework; path = System/Library/Frameworks/CoreData.framework; sourceTree = SDKROOT; };
		C0DCC20C1983037D00F690D9 /* Foundation.framework */ = {isa = PBXFileReference; lastKnownFileType = wrapper.framework; name = Foundation.framework; path = System/Library/Frameworks/Foundation.framework; sourceTree = SDKROOT; };
		C0DCC20F1983037D00F690D9 /* FastTests-Info.plist */ = {isa = PBXFileReference; lastKnownFileType = text.plist.xml; path = "FastTests-Info.plist"; sourceTree = "<group>"; };
		C0DCC2111983037D00F690D9 /* en */ = {isa = PBXFileReference; lastKnownFileType = text.plist.strings; name = en; path = en.lproj/InfoPlist.strings; sourceTree = "<group>"; };
		C0DCC2131983037D00F690D9 /* main.m */ = {isa = PBXFileReference; lastKnownFileType = sourcecode.c.objc; path = main.m; sourceTree = "<group>"; };
		C0DCC2151983037D00F690D9 /* FastTests-Prefix.pch */ = {isa = PBXFileReference; lastKnownFileType = sourcecode.c.h; path = "FastTests-Prefix.pch"; sourceTree = "<group>"; };
		C0DCC2171983037D00F690D9 /* en */ = {isa = PBXFileReference; lastKnownFileType = text.rtf; name = en; path = en.lproj/Credits.rtf; sourceTree = "<group>"; };
		C0DCC2191983037D00F690D9 /* AppDelegate.h */ = {isa = PBXFileReference; lastKnownFileType = sourcecode.c.h; path = AppDelegate.h; sourceTree = "<group>"; };
		C0DCC21A1983037D00F690D9 /* AppDelegate.m */ = {isa = PBXFileReference; lastKnownFileType = sourcecode.c.objc; path = AppDelegate.m; sourceTree = "<group>"; };
		C0DCC21F1983037D00F690D9 /* Images.xcassets */ = {isa = PBXFileReference; lastKnownFileType = folder.assetcatalog; path = Images.xcassets; sourceTree = "<group>"; };
		C0DCC2251983037D00F690D9 /* FastTestsTests.xctest */ = {isa = PBXFileReference; explicitFileType = wrapper.cfbundle; includeInIndex = 0; path = FastTestsTests.xctest; sourceTree = BUILT_PRODUCTS_DIR; };
		C0DCC2261983037D00F690D9 /* XCTest.framework */ = {isa = PBXFileReference; lastKnownFileType = wrapper.framework; name = XCTest.framework; path = Library/Frameworks/XCTest.framework; sourceTree = DEVELOPER_DIR; };
		C0DCC22D1983037D00F690D9 /* FastTestsTests-Info.plist */ = {isa = PBXFileReference; lastKnownFileType = text.plist.xml; path = "FastTestsTests-Info.plist"; sourceTree = "<group>"; };
		C0DCC22F1983037D00F690D9 /* en */ = {isa = PBXFileReference; lastKnownFileType = text.plist.strings; name = en; path = en.lproj/InfoPlist.strings; sourceTree = "<group>"; };
		C0DCC23B1983055900F690D9 /* AlbumOrAllPostsViewModel.h */ = {isa = PBXFileReference; fileEncoding = 4; lastKnownFileType = sourcecode.c.h; path = AlbumOrAllPostsViewModel.h; sourceTree = "<group>"; };
		C0DCC23C1983055900F690D9 /* AlbumOrAllPostsViewModel.m */ = {isa = PBXFileReference; fileEncoding = 4; lastKnownFileType = sourcecode.c.objc; path = AlbumOrAllPostsViewModel.m; sourceTree = "<group>"; };
		C0DCC23E1983056300F690D9 /* AlbumOrAllPostsViewModelTests.m */ = {isa = PBXFileReference; fileEncoding = 4; lastKnownFileType = sourcecode.c.objc; path = AlbumOrAllPostsViewModelTests.m; sourceTree = "<group>"; };
		C0DCC240198305A100F690D9 /* DateUtils.h */ = {isa = PBXFileReference; fileEncoding = 4; lastKnownFileType = sourcecode.c.h; path = DateUtils.h; sourceTree = "<group>"; };
		C0DCC241198305A100F690D9 /* DateUtils.m */ = {isa = PBXFileReference; fileEncoding = 4; lastKnownFileType = sourcecode.c.objc; path = DateUtils.m; sourceTree = "<group>"; };
		C0DCC243198306D400F690D9 /* StringUtils.h */ = {isa = PBXFileReference; fileEncoding = 4; lastKnownFileType = sourcecode.c.h; path = StringUtils.h; sourceTree = "<group>"; };
		C0DCC244198306D400F690D9 /* StringUtils.m */ = {isa = PBXFileReference; fileEncoding = 4; lastKnownFileType = sourcecode.c.objc; path = StringUtils.m; sourceTree = "<group>"; };
/* End PBXFileReference section */

/* Begin PBXFrameworksBuildPhase section */
		C0DCC2011983037D00F690D9 /* Frameworks */ = {
			isa = PBXFrameworksBuildPhase;
			buildActionMask = 2147483647;
			files = (
				C0DCC2081983037D00F690D9 /* Cocoa.framework in Frameworks */,
			);
			runOnlyForDeploymentPostprocessing = 0;
		};
		C0DCC2221983037D00F690D9 /* Frameworks */ = {
			isa = PBXFrameworksBuildPhase;
			buildActionMask = 2147483647;
			files = (
				C0DCC2281983037D00F690D9 /* Cocoa.framework in Frameworks */,
				C0DCC2271983037D00F690D9 /* XCTest.framework in Frameworks */,
			);
			runOnlyForDeploymentPostprocessing = 0;
		};
/* End PBXFrameworksBuildPhase section */

/* Begin PBXGroup section */
		C0DCC1FB1983037D00F690D9 = {
			isa = PBXGroup;
			children = (
				C0DCC20D1983037D00F690D9 /* FastTests */,
				C0DCC22B1983037D00F690D9 /* FastTestsTests */,
				C0DCC2061983037D00F690D9 /* Frameworks */,
				C0DCC2051983037D00F690D9 /* Products */,
			);
			sourceTree = "<group>";
		};
		C0DCC2051983037D00F690D9 /* Products */ = {
			isa = PBXGroup;
			children = (
				C0DCC2041983037D00F690D9 /* FastTests.app */,
				C0DCC2251983037D00F690D9 /* FastTestsTests.xctest */,
			);
			name = Products;
			sourceTree = "<group>";
		};
		C0DCC2061983037D00F690D9 /* Frameworks */ = {
			isa = PBXGroup;
			children = (
				C0DCC2071983037D00F690D9 /* Cocoa.framework */,
				C0DCC2261983037D00F690D9 /* XCTest.framework */,
				C0DCC2091983037D00F690D9 /* Other Frameworks */,
			);
			name = Frameworks;
			sourceTree = "<group>";
		};
		C0DCC2091983037D00F690D9 /* Other Frameworks */ = {
			isa = PBXGroup;
			children = (
				C0DCC20A1983037D00F690D9 /* AppKit.framework */,
				C0DCC20B1983037D00F690D9 /* CoreData.framework */,
				C0DCC20C1983037D00F690D9 /* Foundation.framework */,
			);
			name = "Other Frameworks";
			sourceTree = "<group>";
		};
		C0DCC20D1983037D00F690D9 /* FastTests */ = {
			isa = PBXGroup;
			children = (
				C0DCC243198306D400F690D9 /* StringUtils.h */,
				C0DCC244198306D400F690D9 /* StringUtils.m */,
				C0DCC240198305A100F690D9 /* DateUtils.h */,
				C0DCC241198305A100F690D9 /* DateUtils.m */,
				C0DCC23B1983055900F690D9 /* AlbumOrAllPostsViewModel.h */,
				C0DCC23C1983055900F690D9 /* AlbumOrAllPostsViewModel.m */,
				C0DCC2191983037D00F690D9 /* AppDelegate.h */,
				C0DCC21A1983037D00F690D9 /* AppDelegate.m */,
				C0DCC21F1983037D00F690D9 /* Images.xcassets */,
				C0DCC20E1983037D00F690D9 /* Supporting Files */,
			);
			path = FastTests;
			sourceTree = "<group>";
		};
		C0DCC20E1983037D00F690D9 /* Supporting Files */ = {
			isa = PBXGroup;
			children = (
				C0DCC20F1983037D00F690D9 /* FastTests-Info.plist */,
				C0DCC2101983037D00F690D9 /* InfoPlist.strings */,
				C0DCC2131983037D00F690D9 /* main.m */,
				C0DCC2151983037D00F690D9 /* FastTests-Prefix.pch */,
				C0DCC2161983037D00F690D9 /* Credits.rtf */,
			);
			name = "Supporting Files";
			sourceTree = "<group>";
		};
		C0DCC22B1983037D00F690D9 /* FastTestsTests */ = {
			isa = PBXGroup;
			children = (
				C0DCC23E1983056300F690D9 /* AlbumOrAllPostsViewModelTests.m */,
				C0DCC22C1983037D00F690D9 /* Supporting Files */,
			);
			path = FastTestsTests;
			sourceTree = "<group>";
		};
		C0DCC22C1983037D00F690D9 /* Supporting Files */ = {
			isa = PBXGroup;
			children = (
				C0DCC22D1983037D00F690D9 /* FastTestsTests-Info.plist */,
				C0DCC22E1983037D00F690D9 /* InfoPlist.strings */,
			);
			name = "Supporting Files";
			sourceTree = "<group>";
		};
/* End PBXGroup section */

/* Begin PBXNativeTarget section */
		C0DCC2031983037D00F690D9 /* FastTests */ = {
			isa = PBXNativeTarget;
			buildConfigurationList = C0DCC2351983037D00F690D9 /* Build configuration list for PBXNativeTarget "FastTests" */;
			buildPhases = (
				C0DCC2001983037D00F690D9 /* Sources */,
				C0DCC2011983037D00F690D9 /* Frameworks */,
				C0DCC2021983037D00F690D9 /* Resources */,
			);
			buildRules = (
			);
			dependencies = (
			);
			name = FastTests;
			productName = FastTests;
			productReference = C0DCC2041983037D00F690D9 /* FastTests.app */;
			productType = "com.apple.product-type.application";
		};
		C0DCC2241983037D00F690D9 /* FastTestsTests */ = {
			isa = PBXNativeTarget;
			buildConfigurationList = C0DCC2381983037D00F690D9 /* Build configuration list for PBXNativeTarget "FastTestsTests" */;
			buildPhases = (
				C0DCC2211983037D00F690D9 /* Sources */,
				C0DCC2221983037D00F690D9 /* Frameworks */,
				C0DCC2231983037D00F690D9 /* Resources */,
			);
			buildRules = (
			);
			dependencies = (
				C0DCC22A1983037D00F690D9 /* PBXTargetDependency */,
			);
			name = FastTestsTests;
			productName = FastTestsTests;
			productReference = C0DCC2251983037D00F690D9 /* FastTestsTests.xctest */;
			productType = "com.apple.product-type.bundle.unit-test";
		};
/* End PBXNativeTarget section */

/* Begin PBXProject section */
		C0DCC1FC1983037D00F690D9 /* Project object */ = {
			isa = PBXProject;
			attributes = {
				LastUpgradeCheck = 0510;
				ORGANIZATIONNAME = "Gordon McCreight";
				TargetAttributes = {
					C0DCC2241983037D00F690D9 = {
						TestTargetID = C0DCC2031983037D00F690D9;
					};
				};
			};
			buildConfigurationList = C0DCC1FF1983037D00F690D9 /* Build configuration list for PBXProject "FastTests" */;
			compatibilityVersion = "Xcode 3.2";
			developmentRegion = English;
			hasScannedForEncodings = 0;
			knownRegions = (
				en,
				Base,
			);
			mainGroup = C0DCC1FB1983037D00F690D9;
			productRefGroup = C0DCC2051983037D00F690D9 /* Products */;
			projectDirPath = "";
			projectRoot = "";
			targets = (
				C0DCC2031983037D00F690D9 /* FastTests */,
				C0DCC2241983037D00F690D9 /* FastTestsTests */,
			);
		};
/* End PBXProject section */

/* Begin PBXResourcesBuildPhase section */
		C0DCC2021983037D00F690D9 /* Resources */ = {
			isa = PBXResourcesBuildPhase;
			buildActionMask = 2147483647;
			files = (
				C0DCC2121983037D00F690D9 /* InfoPlist.strings in Resources */,
				C0DCC2201983037D00F690D9 /* Images.xcassets in Resources */,
				C0DCC2181983037D00F690D9 /* Credits.rtf in Resources */,
			);
			runOnlyForDeploymentPostprocessing = 0;
		};
		C0DCC2231983037D00F690D9 /* Resources */ = {
			isa = PBXResourcesBuildPhase;
			buildActionMask = 2147483647;
			files = (
				C0DCC2301983037D00F690D9 /* InfoPlist.strings in Resources */,
			);
			runOnlyForDeploymentPostprocessing = 0;
		};
/* End PBXResourcesBuildPhase section */

/* Begin PBXSourcesBuildPhase section */
		C0DCC2001983037D00F690D9 /* Sources */ = {
			isa = PBXSourcesBuildPhase;
			buildActionMask = 2147483647;
			files = (
				C0DCC21B1983037D00F690D9 /* AppDelegate.m in Sources */,
				C0DCC245198306D400F690D9 /* StringUtils.m in Sources */,
				C0DCC242198305A100F690D9 /* DateUtils.m in Sources */,
				C0DCC2141983037D00F690D9 /* main.m in Sources */,
				C0DCC23D1983055900F690D9 /* AlbumOrAllPostsViewModel.m in Sources */,
			);
			runOnlyForDeploymentPostprocessing = 0;
		};
		C0DCC2211983037D00F690D9 /* Sources */ = {
			isa = PBXSourcesBuildPhase;
			buildActionMask = 2147483647;
			files = (
				C0DCC23F1983056300F690D9 /* AlbumOrAllPostsViewModelTests.m in Sources */,
			);
			runOnlyForDeploymentPostprocessing = 0;
		};
/* End PBXSourcesBuildPhase section */

/* Begin PBXTargetDependency section */
		C0DCC22A1983037D00F690D9 /* PBXTargetDependency */ = {
			isa = PBXTargetDependency;
			target = C0DCC2031983037D00F690D9 /* FastTests */;
			targetProxy = C0DCC2291983037D00F690D9 /* PBXContainerItemProxy */;
		};
/* End PBXTargetDependency section */

/* Begin PBXVariantGroup section */
		C0DCC2101983037D00F690D9 /* InfoPlist.strings */ = {
			isa = PBXVariantGroup;
			children = (
				C0DCC2111983037D00F690D9 /* en */,
			);
			name = InfoPlist.strings;
			sourceTree = "<group>";
		};
		C0DCC2161983037D00F690D9 /* Credits.rtf */ = {
			isa = PBXVariantGroup;
			children = (
				C0DCC2171983037D00F690D9 /* en */,
			);
			name = Credits.rtf;
			sourceTree = "<group>";
		};
		C0DCC22E1983037D00F690D9 /* InfoPlist.strings */ = {
			isa = PBXVariantGroup;
			children = (
				C0DCC22F1983037D00F690D9 /* en */,
			);
			name = InfoPlist.strings;
			sourceTree = "<group>";
		};
/* End PBXVariantGroup section */

/* Begin XCBuildConfiguration section */
		C0DCC2331983037D00F690D9 /* Debug */ = {
			isa = XCBuildConfiguration;
			buildSettings = {
				ALWAYS_SEARCH_USER_PATHS = NO;
				CLANG_CXX_LANGUAGE_STANDARD = "gnu++0x";
				CLANG_CXX_LIBRARY = "libc++";
				CLANG_ENABLE_MODULES = YES;
				CLANG_ENABLE_OBJC_ARC = YES;
				CLANG_WARN_BOOL_CONVERSION = YES;
				CLANG_WARN_CONSTANT_CONVERSION = YES;
				CLANG_WARN_DIRECT_OBJC_ISA_USAGE = YES_ERROR;
				CLANG_WARN_EMPTY_BODY = YES;
				CLANG_WARN_ENUM_CONVERSION = YES;
				CLANG_WARN_INT_CONVERSION = YES;
				CLANG_WARN_OBJC_ROOT_CLASS = YES_ERROR;
				CLANG_WARN__DUPLICATE_METHOD_MATCH = YES;
				COPY_PHASE_STRIP = NO;
				GCC_C_LANGUAGE_STANDARD = gnu99;
				GCC_DYNAMIC_NO_PIC = NO;
				GCC_ENABLE_OBJC_EXCEPTIONS = YES;
				GCC_OPTIMIZATION_LEVEL = 0;
				GCC_PREPROCESSOR_DEFINITIONS = (
					"DEBUG=1",
					"$(inherited)",
				);
				GCC_SYMBOLS_PRIVATE_EXTERN = NO;
				GCC_WARN_64_TO_32_BIT_CONVERSION = YES;
				GCC_WARN_ABOUT_RETURN_TYPE = YES_ERROR;
				GCC_WARN_UNDECLARED_SELECTOR = YES;
				GCC_WARN_UNINITIALIZED_AUTOS = YES_AGGRESSIVE;
				GCC_WARN_UNUSED_FUNCTION = YES;
				GCC_WARN_UNUSED_VARIABLE = YES;
				MACOSX_DEPLOYMENT_TARGET = 10.9;
				ONLY_ACTIVE_ARCH = YES;
				SDKROOT = macosx;
			};
			name = Debug;
		};
		C0DCC2341983037D00F690D9 /* Release */ = {
			isa = XCBuildConfiguration;
			buildSettings = {
				ALWAYS_SEARCH_USER_PATHS = NO;
				CLANG_CXX_LANGUAGE_STANDARD = "gnu++0x";
				CLANG_CXX_LIBRARY = "libc++";
				CLANG_ENABLE_MODULES = YES;
				CLANG_ENABLE_OBJC_ARC = YES;
				CLANG_WARN_BOOL_CONVERSION = YES;
				CLANG_WARN_CONSTANT_CONVERSION = YES;
				CLANG_WARN_DIRECT_OBJC_ISA_USAGE = YES_ERROR;
				CLANG_WARN_EMPTY_BODY = YES;
				CLANG_WARN_ENUM_CONVERSION = YES;
				CLANG_WARN_INT_CONVERSION = YES;
				CLANG_WARN_OBJC_ROOT_CLASS = YES_ERROR;
				CLANG_WARN__DUPLICATE_METHOD_MATCH = YES;
				COPY_PHASE_STRIP = YES;
				DEBUG_INFORMATION_FORMAT = "dwarf-with-dsym";
				ENABLE_NS_ASSERTIONS = NO;
				GCC_C_LANGUAGE_STANDARD = gnu99;
				GCC_ENABLE_OBJC_EXCEPTIONS = YES;
				GCC_WARN_64_TO_32_BIT_CONVERSION = YES;
				GCC_WARN_ABOUT_RETURN_TYPE = YES_ERROR;
				GCC_WARN_UNDECLARED_SELECTOR = YES;
				GCC_WARN_UNINITIALIZED_AUTOS = YES_AGGRESSIVE;
				GCC_WARN_UNUSED_FUNCTION = YES;
				GCC_WARN_UNUSED_VARIABLE = YES;
				MACOSX_DEPLOYMENT_TARGET = 10.9;
				SDKROOT = macosx;
			};
			name = Release;
		};
		C0DCC2361983037D00F690D9 /* Debug */ = {
			isa = XCBuildConfiguration;
			buildSettings = {
				ASSETCATALOG_COMPILER_APPICON_NAME = AppIcon;
				COMBINE_HIDPI_IMAGES = YES;
				GCC_PRECOMPILE_PREFIX_HEADER = YES;
				GCC_PREFIX_HEADER = "FastTests/FastTests-Prefix.pch";
				INFOPLIST_FILE = "FastTests/FastTests-Info.plist";
				PRODUCT_NAME = "$(TARGET_NAME)";
				WRAPPER_EXTENSION = app;
			};
			name = Debug;
		};
		C0DCC2371983037D00F690D9 /* Release */ = {
			isa = XCBuildConfiguration;
			buildSettings = {
				ASSETCATALOG_COMPILER_APPICON_NAME = AppIcon;
				COMBINE_HIDPI_IMAGES = YES;
				GCC_PRECOMPILE_PREFIX_HEADER = YES;
				GCC_PREFIX_HEADER = "FastTests/FastTests-Prefix.pch";
				INFOPLIST_FILE = "FastTests/FastTests-Info.plist";
				PRODUCT_NAME = "$(TARGET_NAME)";
				WRAPPER_EXTENSION = app;
			};
			name = Release;
		};
		C0DCC2391983037D00F690D9 /* Debug */ = {
			isa = XCBuildConfiguration;
			buildSettings = {
				BUNDLE_LOADER = "$(BUILT_PRODUCTS_DIR)/FastTests.app/Contents/MacOS/FastTests";
				COMBINE_HIDPI_IMAGES = YES;
				FRAMEWORK_SEARCH_PATHS = (
					"$(DEVELOPER_FRAMEWORKS_DIR)",
					"$(inherited)",
				);
				GCC_PRECOMPILE_PREFIX_HEADER = YES;
				GCC_PREFIX_HEADER = "FastTests/FastTests-Prefix.pch";
				GCC_PREPROCESSOR_DEFINITIONS = (
					"DEBUG=1",
					"$(inherited)",
				);
				INFOPLIST_FILE = "FastTestsTests/FastTestsTests-Info.plist";
				PRODUCT_NAME = "$(TARGET_NAME)";
				TEST_HOST = "$(BUNDLE_LOADER)";
				WRAPPER_EXTENSION = xctest;
			};
			name = Debug;
		};
		C0DCC23A1983037D00F690D9 /* Release */ = {
			isa = XCBuildConfiguration;
			buildSettings = {
				BUNDLE_LOADER = "$(BUILT_PRODUCTS_DIR)/FastTests.app/Contents/MacOS/FastTests";
				COMBINE_HIDPI_IMAGES = YES;
				FRAMEWORK_SEARCH_PATHS = (
					"$(DEVELOPER_FRAMEWORKS_DIR)",
					"$(inherited)",
				);
				GCC_PRECOMPILE_PREFIX_HEADER = YES;
				GCC_PREFIX_HEADER = "FastTests/FastTests-Prefix.pch";
				INFOPLIST_FILE = "FastTestsTests/FastTestsTests-Info.plist";
				PRODUCT_NAME = "$(TARGET_NAME)";
				TEST_HOST = "$(BUNDLE_LOADER)";
				WRAPPER_EXTENSION = xctest;
			};
			name = Release;
		};
/* End XCBuildConfiguration section */

/* Begin XCConfigurationList section */
		C0DCC1FF1983037D00F690D9 /* Build configuration list for PBXProject "FastTests" */ = {
			isa = XCConfigurationList;
			buildConfigurations = (
				C0DCC2331983037D00F690D9 /* Debug */,
				C0DCC2341983037D00F690D9 /* Release */,
			);
			defaultConfigurationIsVisible = 0;
			defaultConfigurationName = Release;
		};
		C0DCC2351983037D00F690D9 /* Build configuration list for PBXNativeTarget "FastTests" */ = {
			isa = XCConfigurationList;
			buildConfigurations = (
				C0DCC2361983037D00F690D9 /* Debug */,
				C0DCC2371983037D00F690D9 /* Release */,
			);
			defaultConfigurationIsVisible = 0;
		};
		C0DCC2381983037D00F690D9 /* Build configuration list for PBXNativeTarget "FastTestsTests" */ = {
			isa = XCConfigurationList;
			buildConfigurations = (
				C0DCC2391983037D00F690D9 /* Debug */,
				C0DCC23A1983037D00F690D9 /* Release */,
			);
			defaultConfigurationIsVisible = 0;
		};
/* End XCConfigurationList section */
	};
	rootObject = C0DCC1FC1983037D00F690D9 /* Project object */;
}
